
Microsoft Visual Studio Solution File, Format Version 12.00
# Visual Studio Version 16
VisualStudioVersion = 25.0.1706.10
MinimumVisualStudioVersion = 10.0.40219.1
Project("{FAE04EC0-301F-11D3-BF4B-00C04F79EFBC}") = "KnowledgeCheck1_Calculator", "KnowledgeCheck1_Calculator.csproj", "{9E80E406-95E2-4BB4-A279-1F8A3115ED5C}"
EndProject
Global
	GlobalSection(SolutionConfigurationPlatforms) = preSolution
		Debug|Any CPU = Debug|Any CPU
		Release|Any CPU = Release|Any CPU
	EndGlobalSection
	GlobalSection(ProjectConfigurationPlatforms) = postSolution
		{9E80E406-95E2-4BB4-A279-1F8A3115ED5C}.Debug|Any CPU.ActiveCfg = Debug|Any CPU
		{9E80E406-95E2-4BB4-A279-1F8A3115ED5C}.Debug|Any CPU.Build.0 = Debug|Any CPU
		{9E80E406-95E2-4BB4-A279-1F8A3115ED5C}.Release|Any CPU.ActiveCfg = Release|Any CPU
		{9E80E406-95E2-4BB4-A279-1F8A3115ED5C}.Release|Any CPU.Build.0 = Release|Any CPU
	EndGlobalSection
	GlobalSection(SolutionProperties) = preSolution
		HideSolutionNode = FALSE
	EndGlobalSection
	GlobalSection(ExtensibilityGlobals) = postSolution
		SolutionGuid = {8120BA14-5650-4C34-9D14-1D08B43F2EB6}
	EndGlobalSection
EndGlobal
